// !$*UTF8*$!
{
	archiveVersion = 1;
	classes = {
	};
	objectVersion = 55;
	objects = {

/* Begin PBXBuildFile section */
		0D9010154AA88E52BE8E0B6D /* Pods_iTobacWorkerTests.framework in Frameworks */ = {isa = PBXBuildFile; fileRef = C68F35F2725DF0D1531F6B32 /* Pods_iTobacWorkerTests.framework */; };
		17003032275D84CC0093DAC3 /* WorkTabBarController.swift in Sources */ = {isa = PBXBuildFile; fileRef = 17003031275D84CC0093DAC3 /* WorkTabBarController.swift */; };
		17003036275D84F70093DAC3 /* WakeUpTextField.swift in Sources */ = {isa = PBXBuildFile; fileRef = 17003033275D84F70093DAC3 /* WakeUpTextField.swift */; };
		17003037275D84F70093DAC3 /* WorkTabBar.swift in Sources */ = {isa = PBXBuildFile; fileRef = 17003034275D84F70093DAC3 /* WorkTabBar.swift */; };
		17003038275D84F70093DAC3 /* AbbreviationLabel.swift in Sources */ = {isa = PBXBuildFile; fileRef = 17003035275D84F70093DAC3 /* AbbreviationLabel.swift */; };
		17003042275D85AB0093DAC3 /* AuthorizationPresenter.swift in Sources */ = {isa = PBXBuildFile; fileRef = 1700303B275D85AB0093DAC3 /* AuthorizationPresenter.swift */; };
		17003043275D85AB0093DAC3 /* AuthorizationViewController.swift in Sources */ = {isa = PBXBuildFile; fileRef = 1700303C275D85AB0093DAC3 /* AuthorizationViewController.swift */; };
		17003045275D85AB0093DAC3 /* AuthorizationView.swift in Sources */ = {isa = PBXBuildFile; fileRef = 1700303E275D85AB0093DAC3 /* AuthorizationView.swift */; };
		17F1D193276698F200C76A01 /* BankImageView.swift in Sources */ = {isa = PBXBuildFile; fileRef = 17F1D192276698F200C76A01 /* BankImageView.swift */; };
		17F1D19627669B0300C76A01 /* BlockLayerExtension.swift in Sources */ = {isa = PBXBuildFile; fileRef = 17F1D19527669B0300C76A01 /* BlockLayerExtension.swift */; };
		17F1D19A2768009100C76A01 /* AnimationLayerExtension.swift in Sources */ = {isa = PBXBuildFile; fileRef = 17F1D1992768009100C76A01 /* AnimationLayerExtension.swift */; };
		17F90ED9275D8050002D03CD /* AppDelegate.swift in Sources */ = {isa = PBXBuildFile; fileRef = 17F90ED8275D8050002D03CD /* AppDelegate.swift */; };
		17F90EDB275D8050002D03CD /* SceneDelegate.swift in Sources */ = {isa = PBXBuildFile; fileRef = 17F90EDA275D8050002D03CD /* SceneDelegate.swift */; };
		17F90EE3275D8050002D03CD /* iTobacWorker.xcdatamodeld in Sources */ = {isa = PBXBuildFile; fileRef = 17F90EE1275D8050002D03CD /* iTobacWorker.xcdatamodeld */; };
		17F90EE5275D8050002D03CD /* Assets.xcassets in Resources */ = {isa = PBXBuildFile; fileRef = 17F90EE4275D8050002D03CD /* Assets.xcassets */; };
		17F90EE8275D8050002D03CD /* LaunchScreen.storyboard in Resources */ = {isa = PBXBuildFile; fileRef = 17F90EE6275D8050002D03CD /* LaunchScreen.storyboard */; };
		17F90EF3275D8050002D03CD /* iTobacWorkerTests.swift in Sources */ = {isa = PBXBuildFile; fileRef = 17F90EF2275D8050002D03CD /* iTobacWorkerTests.swift */; };
		17F90EFD275D8050002D03CD /* iTobacWorkerUITests.swift in Sources */ = {isa = PBXBuildFile; fileRef = 17F90EFC275D8050002D03CD /* iTobacWorkerUITests.swift */; };
		17F90EFF275D8050002D03CD /* iTobacWorkerUITestsLaunchTests.swift in Sources */ = {isa = PBXBuildFile; fileRef = 17F90EFE275D8050002D03CD /* iTobacWorkerUITestsLaunchTests.swift */; };
		17FB366D275E5B1A0046F6E0 /* info.png in Resources */ = {isa = PBXBuildFile; fileRef = 17FB3668275E5B190046F6E0 /* info.png */; };
		17FB366E275E5B1A0046F6E0 /* search.png in Resources */ = {isa = PBXBuildFile; fileRef = 17FB3669275E5B190046F6E0 /* search.png */; };
		17FB366F275E5B1A0046F6E0 /* progress.png in Resources */ = {isa = PBXBuildFile; fileRef = 17FB366A275E5B190046F6E0 /* progress.png */; };
		17FB3670275E5B1A0046F6E0 /* cigarette.png in Resources */ = {isa = PBXBuildFile; fileRef = 17FB366B275E5B1A0046F6E0 /* cigarette.png */; };
		17FB3671275E5B1A0046F6E0 /* smoke.png in Resources */ = {isa = PBXBuildFile; fileRef = 17FB366C275E5B1A0046F6E0 /* smoke.png */; };
		17FB3679275FFFEC0046F6E0 /* ProgressPresenter.swift in Sources */ = {isa = PBXBuildFile; fileRef = 17FB3673275FFFEC0046F6E0 /* ProgressPresenter.swift */; };
		17FB367C275FFFEC0046F6E0 /* ProgressModels.swift in Sources */ = {isa = PBXBuildFile; fileRef = 17FB3676275FFFEC0046F6E0 /* ProgressModels.swift */; };
		17FB367D275FFFEC0046F6E0 /* ProgressViewController.swift in Sources */ = {isa = PBXBuildFile; fileRef = 17FB3677275FFFEC0046F6E0 /* ProgressViewController.swift */; };
		17FB3680276003560046F6E0 /* ProgressView.swift in Sources */ = {isa = PBXBuildFile; fileRef = 17FB367F276003560046F6E0 /* ProgressView.swift */; };
		17FB36822760D9190046F6E0 /* AuthorizationModels.swift in Sources */ = {isa = PBXBuildFile; fileRef = 17FB36812760D9190046F6E0 /* AuthorizationModels.swift */; };
		17FB3684276149760046F6E0 /* ImagePicker.swift in Sources */ = {isa = PBXBuildFile; fileRef = 17FB3683276149760046F6E0 /* ImagePicker.swift */; };
		17FB368A27622BE30046F6E0 /* question.png in Resources */ = {isa = PBXBuildFile; fileRef = 17FB368927622BE30046F6E0 /* question.png */; };
		17FB368D27626F3A0046F6E0 /* UserImageView.swift in Sources */ = {isa = PBXBuildFile; fileRef = 17FB368C27626F3A0046F6E0 /* UserImageView.swift */; };
		17FB36922765169D0046F6E0 /* add.png in Resources */ = {isa = PBXBuildFile; fileRef = 17FB36912765169D0046F6E0 /* add.png */; };
		17FB36952766759D0046F6E0 /* safe-box.png in Resources */ = {isa = PBXBuildFile; fileRef = 17FB36932766759D0046F6E0 /* safe-box.png */; };
		17FB36962766759D0046F6E0 /* ashtray.png in Resources */ = {isa = PBXBuildFile; fileRef = 17FB36942766759D0046F6E0 /* ashtray.png */; };
		688067CF4C454BF842E84131 /* Pods_iTobacWorker.framework in Frameworks */ = {isa = PBXBuildFile; fileRef = 10C7E1F6C4C8C067D68F6016 /* Pods_iTobacWorker.framework */; };
		E254F0CCEC1731FCCEDE9228 /* Pods_iTobacWorker_iTobacWorkerUITests.framework in Frameworks */ = {isa = PBXBuildFile; fileRef = B9B62FCBEB2C148C285597BF /* Pods_iTobacWorker_iTobacWorkerUITests.framework */; };
/* End PBXBuildFile section */

/* Begin PBXContainerItemProxy section */
		17F90EEF275D8050002D03CD /* PBXContainerItemProxy */ = {
			isa = PBXContainerItemProxy;
			containerPortal = 17F90ECD275D8050002D03CD /* Project object */;
			proxyType = 1;
			remoteGlobalIDString = 17F90ED4275D8050002D03CD;
			remoteInfo = iTobacWorker;
		};
		17F90EF9275D8050002D03CD /* PBXContainerItemProxy */ = {
			isa = PBXContainerItemProxy;
			containerPortal = 17F90ECD275D8050002D03CD /* Project object */;
			proxyType = 1;
			remoteGlobalIDString = 17F90ED4275D8050002D03CD;
			remoteInfo = iTobacWorker;
		};
/* End PBXContainerItemProxy section */

/* Begin PBXFileReference section */
		10C7E1F6C4C8C067D68F6016 /* Pods_iTobacWorker.framework */ = {isa = PBXFileReference; explicitFileType = wrapper.framework; includeInIndex = 0; path = Pods_iTobacWorker.framework; sourceTree = BUILT_PRODUCTS_DIR; };
		17003031275D84CC0093DAC3 /* WorkTabBarController.swift */ = {isa = PBXFileReference; fileEncoding = 4; lastKnownFileType = sourcecode.swift; path = WorkTabBarController.swift; sourceTree = "<group>"; };
		17003033275D84F70093DAC3 /* WakeUpTextField.swift */ = {isa = PBXFileReference; fileEncoding = 4; lastKnownFileType = sourcecode.swift; path = WakeUpTextField.swift; sourceTree = "<group>"; };
		17003034275D84F70093DAC3 /* WorkTabBar.swift */ = {isa = PBXFileReference; fileEncoding = 4; lastKnownFileType = sourcecode.swift; path = WorkTabBar.swift; sourceTree = "<group>"; };
		17003035275D84F70093DAC3 /* AbbreviationLabel.swift */ = {isa = PBXFileReference; fileEncoding = 4; lastKnownFileType = sourcecode.swift; path = AbbreviationLabel.swift; sourceTree = "<group>"; };
		1700303B275D85AB0093DAC3 /* AuthorizationPresenter.swift */ = {isa = PBXFileReference; fileEncoding = 4; lastKnownFileType = sourcecode.swift; path = AuthorizationPresenter.swift; sourceTree = "<group>"; };
		1700303C275D85AB0093DAC3 /* AuthorizationViewController.swift */ = {isa = PBXFileReference; fileEncoding = 4; lastKnownFileType = sourcecode.swift; path = AuthorizationViewController.swift; sourceTree = "<group>"; };
		1700303E275D85AB0093DAC3 /* AuthorizationView.swift */ = {isa = PBXFileReference; fileEncoding = 4; lastKnownFileType = sourcecode.swift; path = AuthorizationView.swift; sourceTree = "<group>"; };
		17F1D192276698F200C76A01 /* BankImageView.swift */ = {isa = PBXFileReference; lastKnownFileType = sourcecode.swift; path = BankImageView.swift; sourceTree = "<group>"; };
		17F1D19527669B0300C76A01 /* BlockLayerExtension.swift */ = {isa = PBXFileReference; lastKnownFileType = sourcecode.swift; path = BlockLayerExtension.swift; sourceTree = "<group>"; };
		17F1D1992768009100C76A01 /* AnimationLayerExtension.swift */ = {isa = PBXFileReference; lastKnownFileType = sourcecode.swift; path = AnimationLayerExtension.swift; sourceTree = "<group>"; };
		17F90ED5275D8050002D03CD /* iTobacWorker.app */ = {isa = PBXFileReference; explicitFileType = wrapper.application; includeInIndex = 0; path = iTobacWorker.app; sourceTree = BUILT_PRODUCTS_DIR; };
		17F90ED8275D8050002D03CD /* AppDelegate.swift */ = {isa = PBXFileReference; lastKnownFileType = sourcecode.swift; path = AppDelegate.swift; sourceTree = "<group>"; };
		17F90EDA275D8050002D03CD /* SceneDelegate.swift */ = {isa = PBXFileReference; lastKnownFileType = sourcecode.swift; path = SceneDelegate.swift; sourceTree = "<group>"; };
		17F90EE2275D8050002D03CD /* iTobacWorker.xcdatamodel */ = {isa = PBXFileReference; lastKnownFileType = wrapper.xcdatamodel; path = iTobacWorker.xcdatamodel; sourceTree = "<group>"; };
		17F90EE4275D8050002D03CD /* Assets.xcassets */ = {isa = PBXFileReference; lastKnownFileType = folder.assetcatalog; path = Assets.xcassets; sourceTree = "<group>"; };
		17F90EE7275D8050002D03CD /* Base */ = {isa = PBXFileReference; lastKnownFileType = file.storyboard; name = Base; path = Base.lproj/LaunchScreen.storyboard; sourceTree = "<group>"; };
		17F90EE9275D8050002D03CD /* Info.plist */ = {isa = PBXFileReference; lastKnownFileType = text.plist.xml; path = Info.plist; sourceTree = "<group>"; };
		17F90EEE275D8050002D03CD /* iTobacWorkerTests.xctest */ = {isa = PBXFileReference; explicitFileType = wrapper.cfbundle; includeInIndex = 0; path = iTobacWorkerTests.xctest; sourceTree = BUILT_PRODUCTS_DIR; };
		17F90EF2275D8050002D03CD /* iTobacWorkerTests.swift */ = {isa = PBXFileReference; lastKnownFileType = sourcecode.swift; path = iTobacWorkerTests.swift; sourceTree = "<group>"; };
		17F90EF8275D8050002D03CD /* iTobacWorkerUITests.xctest */ = {isa = PBXFileReference; explicitFileType = wrapper.cfbundle; includeInIndex = 0; path = iTobacWorkerUITests.xctest; sourceTree = BUILT_PRODUCTS_DIR; };
		17F90EFC275D8050002D03CD /* iTobacWorkerUITests.swift */ = {isa = PBXFileReference; lastKnownFileType = sourcecode.swift; path = iTobacWorkerUITests.swift; sourceTree = "<group>"; };
		17F90EFE275D8050002D03CD /* iTobacWorkerUITestsLaunchTests.swift */ = {isa = PBXFileReference; lastKnownFileType = sourcecode.swift; path = iTobacWorkerUITestsLaunchTests.swift; sourceTree = "<group>"; };
		17FB3668275E5B190046F6E0 /* info.png */ = {isa = PBXFileReference; lastKnownFileType = image.png; path = info.png; sourceTree = "<group>"; };
		17FB3669275E5B190046F6E0 /* search.png */ = {isa = PBXFileReference; lastKnownFileType = image.png; path = search.png; sourceTree = "<group>"; };
		17FB366A275E5B190046F6E0 /* progress.png */ = {isa = PBXFileReference; lastKnownFileType = image.png; path = progress.png; sourceTree = "<group>"; };
		17FB366B275E5B1A0046F6E0 /* cigarette.png */ = {isa = PBXFileReference; lastKnownFileType = image.png; path = cigarette.png; sourceTree = "<group>"; };
		17FB366C275E5B1A0046F6E0 /* smoke.png */ = {isa = PBXFileReference; lastKnownFileType = image.png; path = smoke.png; sourceTree = "<group>"; };
		17FB3673275FFFEC0046F6E0 /* ProgressPresenter.swift */ = {isa = PBXFileReference; lastKnownFileType = sourcecode.swift; path = ProgressPresenter.swift; sourceTree = "<group>"; };
		17FB3676275FFFEC0046F6E0 /* ProgressModels.swift */ = {isa = PBXFileReference; lastKnownFileType = sourcecode.swift; path = ProgressModels.swift; sourceTree = "<group>"; };
		17FB3677275FFFEC0046F6E0 /* ProgressViewController.swift */ = {isa = PBXFileReference; lastKnownFileType = sourcecode.swift; path = ProgressViewController.swift; sourceTree = "<group>"; };
		17FB367F276003560046F6E0 /* ProgressView.swift */ = {isa = PBXFileReference; lastKnownFileType = sourcecode.swift; path = ProgressView.swift; sourceTree = "<group>"; };
		17FB36812760D9190046F6E0 /* AuthorizationModels.swift */ = {isa = PBXFileReference; lastKnownFileType = sourcecode.swift; path = AuthorizationModels.swift; sourceTree = "<group>"; };
		17FB3683276149760046F6E0 /* ImagePicker.swift */ = {isa = PBXFileReference; lastKnownFileType = sourcecode.swift; path = ImagePicker.swift; sourceTree = "<group>"; };
		17FB368927622BE30046F6E0 /* question.png */ = {isa = PBXFileReference; lastKnownFileType = image.png; path = question.png; sourceTree = "<group>"; };
		17FB368C27626F3A0046F6E0 /* UserImageView.swift */ = {isa = PBXFileReference; lastKnownFileType = sourcecode.swift; path = UserImageView.swift; sourceTree = "<group>"; };
		17FB36912765169D0046F6E0 /* add.png */ = {isa = PBXFileReference; lastKnownFileType = image.png; path = add.png; sourceTree = "<group>"; };
		17FB36932766759D0046F6E0 /* safe-box.png */ = {isa = PBXFileReference; lastKnownFileType = image.png; path = "safe-box.png"; sourceTree = "<group>"; };
		17FB36942766759D0046F6E0 /* ashtray.png */ = {isa = PBXFileReference; lastKnownFileType = image.png; path = ashtray.png; sourceTree = "<group>"; };
		27731B277CC6197EFAFC4A28 /* Pods-iTobacWorker-iTobacWorkerUITests.debug.xcconfig */ = {isa = PBXFileReference; includeInIndex = 1; lastKnownFileType = text.xcconfig; name = "Pods-iTobacWorker-iTobacWorkerUITests.debug.xcconfig"; path = "Target Support Files/Pods-iTobacWorker-iTobacWorkerUITests/Pods-iTobacWorker-iTobacWorkerUITests.debug.xcconfig"; sourceTree = "<group>"; };
		388C7545A4F58196245E19D0 /* Pods-iTobacWorkerTests.release.xcconfig */ = {isa = PBXFileReference; includeInIndex = 1; lastKnownFileType = text.xcconfig; name = "Pods-iTobacWorkerTests.release.xcconfig"; path = "Target Support Files/Pods-iTobacWorkerTests/Pods-iTobacWorkerTests.release.xcconfig"; sourceTree = "<group>"; };
		6113D42F1E5CFF4455D37F71 /* Pods-iTobacWorker.release.xcconfig */ = {isa = PBXFileReference; includeInIndex = 1; lastKnownFileType = text.xcconfig; name = "Pods-iTobacWorker.release.xcconfig"; path = "Target Support Files/Pods-iTobacWorker/Pods-iTobacWorker.release.xcconfig"; sourceTree = "<group>"; };
		8CE4830BB6D470095C443632 /* Pods-iTobacWorker.debug.xcconfig */ = {isa = PBXFileReference; includeInIndex = 1; lastKnownFileType = text.xcconfig; name = "Pods-iTobacWorker.debug.xcconfig"; path = "Target Support Files/Pods-iTobacWorker/Pods-iTobacWorker.debug.xcconfig"; sourceTree = "<group>"; };
		B0DFE2CC9EA1411CCB54E241 /* Pods-iTobacWorkerTests.debug.xcconfig */ = {isa = PBXFileReference; includeInIndex = 1; lastKnownFileType = text.xcconfig; name = "Pods-iTobacWorkerTests.debug.xcconfig"; path = "Target Support Files/Pods-iTobacWorkerTests/Pods-iTobacWorkerTests.debug.xcconfig"; sourceTree = "<group>"; };
		B9B62FCBEB2C148C285597BF /* Pods_iTobacWorker_iTobacWorkerUITests.framework */ = {isa = PBXFileReference; explicitFileType = wrapper.framework; includeInIndex = 0; path = Pods_iTobacWorker_iTobacWorkerUITests.framework; sourceTree = BUILT_PRODUCTS_DIR; };
		C68F35F2725DF0D1531F6B32 /* Pods_iTobacWorkerTests.framework */ = {isa = PBXFileReference; explicitFileType = wrapper.framework; includeInIndex = 0; path = Pods_iTobacWorkerTests.framework; sourceTree = BUILT_PRODUCTS_DIR; };
		F7349F47E5EA04C2AEAAF458 /* Pods-iTobacWorker-iTobacWorkerUITests.release.xcconfig */ = {isa = PBXFileReference; includeInIndex = 1; lastKnownFileType = text.xcconfig; name = "Pods-iTobacWorker-iTobacWorkerUITests.release.xcconfig"; path = "Target Support Files/Pods-iTobacWorker-iTobacWorkerUITests/Pods-iTobacWorker-iTobacWorkerUITests.release.xcconfig"; sourceTree = "<group>"; };
/* End PBXFileReference section */

/* Begin PBXFrameworksBuildPhase section */
		17F90ED2275D8050002D03CD /* Frameworks */ = {
			isa = PBXFrameworksBuildPhase;
			buildActionMask = 2147483647;
			files = (
				688067CF4C454BF842E84131 /* Pods_iTobacWorker.framework in Frameworks */,
			);
			runOnlyForDeploymentPostprocessing = 0;
		};
		17F90EEB275D8050002D03CD /* Frameworks */ = {
			isa = PBXFrameworksBuildPhase;
			buildActionMask = 2147483647;
			files = (
				0D9010154AA88E52BE8E0B6D /* Pods_iTobacWorkerTests.framework in Frameworks */,
			);
			runOnlyForDeploymentPostprocessing = 0;
		};
		17F90EF5275D8050002D03CD /* Frameworks */ = {
			isa = PBXFrameworksBuildPhase;
			buildActionMask = 2147483647;
			files = (
				E254F0CCEC1731FCCEDE9228 /* Pods_iTobacWorker_iTobacWorkerUITests.framework in Frameworks */,
			);
			runOnlyForDeploymentPostprocessing = 0;
		};
/* End PBXFrameworksBuildPhase section */

/* Begin PBXGroup section */
		1700302E275D84720093DAC3 /* ViewControllers */ = {
			isa = PBXGroup;
			children = (
				17003030275D849A0093DAC3 /* CustomUI */,
				17003039275D854A0093DAC3 /* Authorization */,
				1700302F275D84910093DAC3 /* Work */,
			);
			path = ViewControllers;
			sourceTree = "<group>";
		};
		1700302F275D84910093DAC3 /* Work */ = {
			isa = PBXGroup;
			children = (
				17003031275D84CC0093DAC3 /* WorkTabBarController.swift */,
				17FB3672275FFFAD0046F6E0 /* Progress */,
			);
			path = Work;
			sourceTree = "<group>";
		};
		17003030275D849A0093DAC3 /* CustomUI */ = {
			isa = PBXGroup;
			children = (
				17F1D19427669AA100C76A01 /* Extension */,
				17FB368B27626EFA0046F6E0 /* UserImageView */,
				17003035275D84F70093DAC3 /* AbbreviationLabel.swift */,
				17003033275D84F70093DAC3 /* WakeUpTextField.swift */,
				17003034275D84F70093DAC3 /* WorkTabBar.swift */,
				17F1D192276698F200C76A01 /* BankImageView.swift */,
			);
			path = CustomUI;
			sourceTree = "<group>";
		};
		17003039275D854A0093DAC3 /* Authorization */ = {
			isa = PBXGroup;
			children = (
				17FB36812760D9190046F6E0 /* AuthorizationModels.swift */,
				1700303E275D85AB0093DAC3 /* AuthorizationView.swift */,
				1700303C275D85AB0093DAC3 /* AuthorizationViewController.swift */,
				1700303B275D85AB0093DAC3 /* AuthorizationPresenter.swift */,
			);
			path = Authorization;
			sourceTree = "<group>";
		};
		17F1D19427669AA100C76A01 /* Extension */ = {
			isa = PBXGroup;
			children = (
				17F1D19527669B0300C76A01 /* BlockLayerExtension.swift */,
				17F1D1992768009100C76A01 /* AnimationLayerExtension.swift */,
			);
			path = Extension;
			sourceTree = "<group>";
		};
		17F90ECC275D8050002D03CD = {
			isa = PBXGroup;
			children = (
				17F90ED7275D8050002D03CD /* iTobacWorker */,
				17F90EF1275D8050002D03CD /* iTobacWorkerTests */,
				17F90EFB275D8050002D03CD /* iTobacWorkerUITests */,
				17F90ED6275D8050002D03CD /* Products */,
				6E90641452C66F4D5C10986D /* Pods */,
				6440D1556584387EA3F319AD /* Frameworks */,
			);
			sourceTree = "<group>";
		};
		17F90ED6275D8050002D03CD /* Products */ = {
			isa = PBXGroup;
			children = (
				17F90ED5275D8050002D03CD /* iTobacWorker.app */,
				17F90EEE275D8050002D03CD /* iTobacWorkerTests.xctest */,
				17F90EF8275D8050002D03CD /* iTobacWorkerUITests.xctest */,
			);
			name = Products;
			sourceTree = "<group>";
		};
		17F90ED7275D8050002D03CD /* iTobacWorker */ = {
			isa = PBXGroup;
			children = (
				17F90EE9275D8050002D03CD /* Info.plist */,
				17F90F0B275D805A002D03CD /* AppSupport */,
				1700302E275D84720093DAC3 /* ViewControllers */,
			);
			path = iTobacWorker;
			sourceTree = "<group>";
		};
		17F90EF1275D8050002D03CD /* iTobacWorkerTests */ = {
			isa = PBXGroup;
			children = (
				17F90EF2275D8050002D03CD /* iTobacWorkerTests.swift */,
			);
			path = iTobacWorkerTests;
			sourceTree = "<group>";
		};
		17F90EFB275D8050002D03CD /* iTobacWorkerUITests */ = {
			isa = PBXGroup;
			children = (
				17F90EFC275D8050002D03CD /* iTobacWorkerUITests.swift */,
				17F90EFE275D8050002D03CD /* iTobacWorkerUITestsLaunchTests.swift */,
			);
			path = iTobacWorkerUITests;
			sourceTree = "<group>";
		};
		17F90F0B275D805A002D03CD /* AppSupport */ = {
			isa = PBXGroup;
			children = (
				17FB3667275E5B020046F6E0 /* Images */,
				17F90EDA275D8050002D03CD /* SceneDelegate.swift */,
				17F90ED8275D8050002D03CD /* AppDelegate.swift */,
				17F90EE4275D8050002D03CD /* Assets.xcassets */,
				17F90EE6275D8050002D03CD /* LaunchScreen.storyboard */,
				17F90EE1275D8050002D03CD /* iTobacWorker.xcdatamodeld */,
			);
			path = AppSupport;
			sourceTree = "<group>";
		};
		17FB3667275E5B020046F6E0 /* Images */ = {
			isa = PBXGroup;
			children = (
				17FB36942766759D0046F6E0 /* ashtray.png */,
				17FB36932766759D0046F6E0 /* safe-box.png */,
				17FB36912765169D0046F6E0 /* add.png */,
				17FB368927622BE30046F6E0 /* question.png */,
				17FB366B275E5B1A0046F6E0 /* cigarette.png */,
				17FB3668275E5B190046F6E0 /* info.png */,
				17FB366A275E5B190046F6E0 /* progress.png */,
				17FB3669275E5B190046F6E0 /* search.png */,
				17FB366C275E5B1A0046F6E0 /* smoke.png */,
			);
			path = Images;
			sourceTree = "<group>";
		};
		17FB3672275FFFAD0046F6E0 /* Progress */ = {
			isa = PBXGroup;
			children = (
				17FB3676275FFFEC0046F6E0 /* ProgressModels.swift */,
				17FB367F276003560046F6E0 /* ProgressView.swift */,
				17FB3677275FFFEC0046F6E0 /* ProgressViewController.swift */,
				17FB3673275FFFEC0046F6E0 /* ProgressPresenter.swift */,
			);
			path = Progress;
			sourceTree = "<group>";
		};
		17FB368B27626EFA0046F6E0 /* UserImageView */ = {
			isa = PBXGroup;
			children = (
				17FB368C27626F3A0046F6E0 /* UserImageView.swift */,
				17FB3683276149760046F6E0 /* ImagePicker.swift */,
			);
			path = UserImageView;
			sourceTree = "<group>";
		};
		6440D1556584387EA3F319AD /* Frameworks */ = {
			isa = PBXGroup;
			children = (
				10C7E1F6C4C8C067D68F6016 /* Pods_iTobacWorker.framework */,
				B9B62FCBEB2C148C285597BF /* Pods_iTobacWorker_iTobacWorkerUITests.framework */,
				C68F35F2725DF0D1531F6B32 /* Pods_iTobacWorkerTests.framework */,
			);
			name = Frameworks;
			sourceTree = "<group>";
		};
		6E90641452C66F4D5C10986D /* Pods */ = {
			isa = PBXGroup;
			children = (
				8CE4830BB6D470095C443632 /* Pods-iTobacWorker.debug.xcconfig */,
				6113D42F1E5CFF4455D37F71 /* Pods-iTobacWorker.release.xcconfig */,
				27731B277CC6197EFAFC4A28 /* Pods-iTobacWorker-iTobacWorkerUITests.debug.xcconfig */,
				F7349F47E5EA04C2AEAAF458 /* Pods-iTobacWorker-iTobacWorkerUITests.release.xcconfig */,
				B0DFE2CC9EA1411CCB54E241 /* Pods-iTobacWorkerTests.debug.xcconfig */,
				388C7545A4F58196245E19D0 /* Pods-iTobacWorkerTests.release.xcconfig */,
			);
			path = Pods;
			sourceTree = "<group>";
		};
/* End PBXGroup section */

/* Begin PBXNativeTarget section */
		17F90ED4275D8050002D03CD /* iTobacWorker */ = {
			isa = PBXNativeTarget;
			buildConfigurationList = 17F90F02275D8050002D03CD /* Build configuration list for PBXNativeTarget "iTobacWorker" */;
			buildPhases = (
				B3B812C0C7EA5FA5511F0866 /* [CP] Check Pods Manifest.lock */,
				17F90ED1275D8050002D03CD /* Sources */,
				17F90ED2275D8050002D03CD /* Frameworks */,
				17F90ED3275D8050002D03CD /* Resources */,
				2E6BDF674A1BA0C92D1266FE /* [CP] Embed Pods Frameworks */,
			);
			buildRules = (
			);
			dependencies = (
			);
			name = iTobacWorker;
			productName = iTobacWorker;
			productReference = 17F90ED5275D8050002D03CD /* iTobacWorker.app */;
			productType = "com.apple.product-type.application";
		};
		17F90EED275D8050002D03CD /* iTobacWorkerTests */ = {
			isa = PBXNativeTarget;
			buildConfigurationList = 17F90F05275D8050002D03CD /* Build configuration list for PBXNativeTarget "iTobacWorkerTests" */;
			buildPhases = (
				AD085EAD03D216CCA23229FB /* [CP] Check Pods Manifest.lock */,
				17F90EEA275D8050002D03CD /* Sources */,
				17F90EEB275D8050002D03CD /* Frameworks */,
				17F90EEC275D8050002D03CD /* Resources */,
			);
			buildRules = (
			);
			dependencies = (
				17F90EF0275D8050002D03CD /* PBXTargetDependency */,
			);
			name = iTobacWorkerTests;
			productName = iTobacWorkerTests;
			productReference = 17F90EEE275D8050002D03CD /* iTobacWorkerTests.xctest */;
			productType = "com.apple.product-type.bundle.unit-test";
		};
		17F90EF7275D8050002D03CD /* iTobacWorkerUITests */ = {
			isa = PBXNativeTarget;
			buildConfigurationList = 17F90F08275D8050002D03CD /* Build configuration list for PBXNativeTarget "iTobacWorkerUITests" */;
			buildPhases = (
				3D09CCF9CBE353FF4EDD3B7D /* [CP] Check Pods Manifest.lock */,
				17F90EF4275D8050002D03CD /* Sources */,
				17F90EF5275D8050002D03CD /* Frameworks */,
				17F90EF6275D8050002D03CD /* Resources */,
				37C04171F32BAFF74BA3D15E /* [CP] Embed Pods Frameworks */,
			);
			buildRules = (
			);
			dependencies = (
				17F90EFA275D8050002D03CD /* PBXTargetDependency */,
			);
			name = iTobacWorkerUITests;
			productName = iTobacWorkerUITests;
			productReference = 17F90EF8275D8050002D03CD /* iTobacWorkerUITests.xctest */;
			productType = "com.apple.product-type.bundle.ui-testing";
		};
/* End PBXNativeTarget section */

/* Begin PBXProject section */
		17F90ECD275D8050002D03CD /* Project object */ = {
			isa = PBXProject;
			attributes = {
				BuildIndependentTargetsInParallel = 1;
				LastSwiftUpdateCheck = 1310;
				LastUpgradeCheck = 1310;
				TargetAttributes = {
					17F90ED4275D8050002D03CD = {
						CreatedOnToolsVersion = 13.1;
					};
					17F90EED275D8050002D03CD = {
						CreatedOnToolsVersion = 13.1;
						TestTargetID = 17F90ED4275D8050002D03CD;
					};
					17F90EF7275D8050002D03CD = {
						CreatedOnToolsVersion = 13.1;
						TestTargetID = 17F90ED4275D8050002D03CD;
					};
				};
			};
			buildConfigurationList = 17F90ED0275D8050002D03CD /* Build configuration list for PBXProject "iTobacWorker" */;
			compatibilityVersion = "Xcode 13.0";
			developmentRegion = en;
			hasScannedForEncodings = 0;
			knownRegions = (
				en,
				Base,
			);
			mainGroup = 17F90ECC275D8050002D03CD;
			productRefGroup = 17F90ED6275D8050002D03CD /* Products */;
			projectDirPath = "";
			projectRoot = "";
			targets = (
				17F90ED4275D8050002D03CD /* iTobacWorker */,
				17F90EED275D8050002D03CD /* iTobacWorkerTests */,
				17F90EF7275D8050002D03CD /* iTobacWorkerUITests */,
			);
		};
/* End PBXProject section */

/* Begin PBXResourcesBuildPhase section */
		17F90ED3275D8050002D03CD /* Resources */ = {
			isa = PBXResourcesBuildPhase;
			buildActionMask = 2147483647;
			files = (
				17FB36922765169D0046F6E0 /* add.png in Resources */,
				17F90EE8275D8050002D03CD /* LaunchScreen.storyboard in Resources */,
				17FB36952766759D0046F6E0 /* safe-box.png in Resources */,
				17F90EE5275D8050002D03CD /* Assets.xcassets in Resources */,
				17FB36962766759D0046F6E0 /* ashtray.png in Resources */,
				17FB3671275E5B1A0046F6E0 /* smoke.png in Resources */,
				17FB366D275E5B1A0046F6E0 /* info.png in Resources */,
				17FB366E275E5B1A0046F6E0 /* search.png in Resources */,
				17FB3670275E5B1A0046F6E0 /* cigarette.png in Resources */,
				17FB366F275E5B1A0046F6E0 /* progress.png in Resources */,
				17FB368A27622BE30046F6E0 /* question.png in Resources */,
			);
			runOnlyForDeploymentPostprocessing = 0;
		};
		17F90EEC275D8050002D03CD /* Resources */ = {
			isa = PBXResourcesBuildPhase;
			buildActionMask = 2147483647;
			files = (
			);
			runOnlyForDeploymentPostprocessing = 0;
		};
		17F90EF6275D8050002D03CD /* Resources */ = {
			isa = PBXResourcesBuildPhase;
			buildActionMask = 2147483647;
			files = (
			);
			runOnlyForDeploymentPostprocessing = 0;
		};
/* End PBXResourcesBuildPhase section */

/* Begin PBXShellScriptBuildPhase section */
		2E6BDF674A1BA0C92D1266FE /* [CP] Embed Pods Frameworks */ = {
			isa = PBXShellScriptBuildPhase;
			buildActionMask = 2147483647;
			files = (
			);
			inputFileListPaths = (
				"${PODS_ROOT}/Target Support Files/Pods-iTobacWorker/Pods-iTobacWorker-frameworks-${CONFIGURATION}-input-files.xcfilelist",
			);
			name = "[CP] Embed Pods Frameworks";
			outputFileListPaths = (
				"${PODS_ROOT}/Target Support Files/Pods-iTobacWorker/Pods-iTobacWorker-frameworks-${CONFIGURATION}-output-files.xcfilelist",
			);
			runOnlyForDeploymentPostprocessing = 0;
			shellPath = /bin/sh;
			shellScript = "\"${PODS_ROOT}/Target Support Files/Pods-iTobacWorker/Pods-iTobacWorker-frameworks.sh\"\n";
			showEnvVarsInLog = 0;
		};
		37C04171F32BAFF74BA3D15E /* [CP] Embed Pods Frameworks */ = {
			isa = PBXShellScriptBuildPhase;
			buildActionMask = 2147483647;
			files = (
			);
			inputFileListPaths = (
				"${PODS_ROOT}/Target Support Files/Pods-iTobacWorker-iTobacWorkerUITests/Pods-iTobacWorker-iTobacWorkerUITests-frameworks-${CONFIGURATION}-input-files.xcfilelist",
			);
			name = "[CP] Embed Pods Frameworks";
			outputFileListPaths = (
				"${PODS_ROOT}/Target Support Files/Pods-iTobacWorker-iTobacWorkerUITests/Pods-iTobacWorker-iTobacWorkerUITests-frameworks-${CONFIGURATION}-output-files.xcfilelist",
			);
			runOnlyForDeploymentPostprocessing = 0;
			shellPath = /bin/sh;
			shellScript = "\"${PODS_ROOT}/Target Support Files/Pods-iTobacWorker-iTobacWorkerUITests/Pods-iTobacWorker-iTobacWorkerUITests-frameworks.sh\"\n";
			showEnvVarsInLog = 0;
		};
		3D09CCF9CBE353FF4EDD3B7D /* [CP] Check Pods Manifest.lock */ = {
			isa = PBXShellScriptBuildPhase;
			buildActionMask = 2147483647;
			files = (
			);
			inputFileListPaths = (
			);
			inputPaths = (
				"${PODS_PODFILE_DIR_PATH}/Podfile.lock",
				"${PODS_ROOT}/Manifest.lock",
			);
			name = "[CP] Check Pods Manifest.lock";
			outputFileListPaths = (
			);
			outputPaths = (
				"$(DERIVED_FILE_DIR)/Pods-iTobacWorker-iTobacWorkerUITests-checkManifestLockResult.txt",
			);
			runOnlyForDeploymentPostprocessing = 0;
			shellPath = /bin/sh;
			shellScript = "diff \"${PODS_PODFILE_DIR_PATH}/Podfile.lock\" \"${PODS_ROOT}/Manifest.lock\" > /dev/null\nif [ $? != 0 ] ; then\n    # print error to STDERR\n    echo \"error: The sandbox is not in sync with the Podfile.lock. Run 'pod install' or update your CocoaPods installation.\" >&2\n    exit 1\nfi\n# This output is used by Xcode 'outputs' to avoid re-running this script phase.\necho \"SUCCESS\" > \"${SCRIPT_OUTPUT_FILE_0}\"\n";
			showEnvVarsInLog = 0;
		};
		AD085EAD03D216CCA23229FB /* [CP] Check Pods Manifest.lock */ = {
			isa = PBXShellScriptBuildPhase;
			buildActionMask = 2147483647;
			files = (
			);
			inputFileListPaths = (
			);
			inputPaths = (
				"${PODS_PODFILE_DIR_PATH}/Podfile.lock",
				"${PODS_ROOT}/Manifest.lock",
			);
			name = "[CP] Check Pods Manifest.lock";
			outputFileListPaths = (
			);
			outputPaths = (
				"$(DERIVED_FILE_DIR)/Pods-iTobacWorkerTests-checkManifestLockResult.txt",
			);
			runOnlyForDeploymentPostprocessing = 0;
			shellPath = /bin/sh;
			shellScript = "diff \"${PODS_PODFILE_DIR_PATH}/Podfile.lock\" \"${PODS_ROOT}/Manifest.lock\" > /dev/null\nif [ $? != 0 ] ; then\n    # print error to STDERR\n    echo \"error: The sandbox is not in sync with the Podfile.lock. Run 'pod install' or update your CocoaPods installation.\" >&2\n    exit 1\nfi\n# This output is used by Xcode 'outputs' to avoid re-running this script phase.\necho \"SUCCESS\" > \"${SCRIPT_OUTPUT_FILE_0}\"\n";
			showEnvVarsInLog = 0;
		};
		B3B812C0C7EA5FA5511F0866 /* [CP] Check Pods Manifest.lock */ = {
			isa = PBXShellScriptBuildPhase;
			buildActionMask = 2147483647;
			files = (
			);
			inputFileListPaths = (
			);
			inputPaths = (
				"${PODS_PODFILE_DIR_PATH}/Podfile.lock",
				"${PODS_ROOT}/Manifest.lock",
			);
			name = "[CP] Check Pods Manifest.lock";
			outputFileListPaths = (
			);
			outputPaths = (
				"$(DERIVED_FILE_DIR)/Pods-iTobacWorker-checkManifestLockResult.txt",
			);
			runOnlyForDeploymentPostprocessing = 0;
			shellPath = /bin/sh;
			shellScript = "diff \"${PODS_PODFILE_DIR_PATH}/Podfile.lock\" \"${PODS_ROOT}/Manifest.lock\" > /dev/null\nif [ $? != 0 ] ; then\n    # print error to STDERR\n    echo \"error: The sandbox is not in sync with the Podfile.lock. Run 'pod install' or update your CocoaPods installation.\" >&2\n    exit 1\nfi\n# This output is used by Xcode 'outputs' to avoid re-running this script phase.\necho \"SUCCESS\" > \"${SCRIPT_OUTPUT_FILE_0}\"\n";
			showEnvVarsInLog = 0;
		};
/* End PBXShellScriptBuildPhase section */

/* Begin PBXSourcesBuildPhase section */
		17F90ED1275D8050002D03CD /* Sources */ = {
			isa = PBXSourcesBuildPhase;
			buildActionMask = 2147483647;
			files = (
				17F1D19627669B0300C76A01 /* BlockLayerExtension.swift in Sources */,
				17FB3684276149760046F6E0 /* ImagePicker.swift in Sources */,
				17003042275D85AB0093DAC3 /* AuthorizationPresenter.swift in Sources */,
				17003032275D84CC0093DAC3 /* WorkTabBarController.swift in Sources */,
				17003045275D85AB0093DAC3 /* AuthorizationView.swift in Sources */,
				17003038275D84F70093DAC3 /* AbbreviationLabel.swift in Sources */,
				17F90EE3275D8050002D03CD /* iTobacWorker.xcdatamodeld in Sources */,
				17003037275D84F70093DAC3 /* WorkTabBar.swift in Sources */,
				17FB368D27626F3A0046F6E0 /* UserImageView.swift in Sources */,
				17003036275D84F70093DAC3 /* WakeUpTextField.swift in Sources */,
				17FB3680276003560046F6E0 /* ProgressView.swift in Sources */,
				17FB367D275FFFEC0046F6E0 /* ProgressViewController.swift in Sources */,
				17F90ED9275D8050002D03CD /* AppDelegate.swift in Sources */,
				17FB36822760D9190046F6E0 /* AuthorizationModels.swift in Sources */,
				17FB367C275FFFEC0046F6E0 /* ProgressModels.swift in Sources */,
				17F1D193276698F200C76A01 /* BankImageView.swift in Sources */,
				17F1D19A2768009100C76A01 /* AnimationLayerExtension.swift in Sources */,
				17FB3679275FFFEC0046F6E0 /* ProgressPresenter.swift in Sources */,
				17003043275D85AB0093DAC3 /* AuthorizationViewController.swift in Sources */,
				17F90EDB275D8050002D03CD /* SceneDelegate.swift in Sources */,
			);
			runOnlyForDeploymentPostprocessing = 0;
		};
		17F90EEA275D8050002D03CD /* Sources */ = {
			isa = PBXSourcesBuildPhase;
			buildActionMask = 2147483647;
			files = (
				17F90EF3275D8050002D03CD /* iTobacWorkerTests.swift in Sources */,
			);
			runOnlyForDeploymentPostprocessing = 0;
		};
		17F90EF4275D8050002D03CD /* Sources */ = {
			isa = PBXSourcesBuildPhase;
			buildActionMask = 2147483647;
			files = (
				17F90EFF275D8050002D03CD /* iTobacWorkerUITestsLaunchTests.swift in Sources */,
				17F90EFD275D8050002D03CD /* iTobacWorkerUITests.swift in Sources */,
			);
			runOnlyForDeploymentPostprocessing = 0;
		};
/* End PBXSourcesBuildPhase section */

/* Begin PBXTargetDependency section */
		17F90EF0275D8050002D03CD /* PBXTargetDependency */ = {
			isa = PBXTargetDependency;
			target = 17F90ED4275D8050002D03CD /* iTobacWorker */;
			targetProxy = 17F90EEF275D8050002D03CD /* PBXContainerItemProxy */;
		};
		17F90EFA275D8050002D03CD /* PBXTargetDependency */ = {
			isa = PBXTargetDependency;
			target = 17F90ED4275D8050002D03CD /* iTobacWorker */;
			targetProxy = 17F90EF9275D8050002D03CD /* PBXContainerItemProxy */;
		};
/* End PBXTargetDependency section */

/* Begin PBXVariantGroup section */
		17F90EE6275D8050002D03CD /* LaunchScreen.storyboard */ = {
			isa = PBXVariantGroup;
			children = (
				17F90EE7275D8050002D03CD /* Base */,
			);
			name = LaunchScreen.storyboard;
			sourceTree = "<group>";
		};
/* End PBXVariantGroup section */

/* Begin XCBuildConfiguration section */
		17F90F00275D8050002D03CD /* Debug */ = {
			isa = XCBuildConfiguration;
			buildSettings = {
				ALWAYS_SEARCH_USER_PATHS = NO;
				CLANG_ANALYZER_NONNULL = YES;
				CLANG_ANALYZER_NUMBER_OBJECT_CONVERSION = YES_AGGRESSIVE;
				CLANG_CXX_LANGUAGE_STANDARD = "gnu++17";
				CLANG_CXX_LIBRARY = "libc++";
				CLANG_ENABLE_MODULES = YES;
				CLANG_ENABLE_OBJC_ARC = YES;
				CLANG_ENABLE_OBJC_WEAK = YES;
				CLANG_WARN_BLOCK_CAPTURE_AUTORELEASING = YES;
				CLANG_WARN_BOOL_CONVERSION = YES;
				CLANG_WARN_COMMA = YES;
				CLANG_WARN_CONSTANT_CONVERSION = YES;
				CLANG_WARN_DEPRECATED_OBJC_IMPLEMENTATIONS = YES;
				CLANG_WARN_DIRECT_OBJC_ISA_USAGE = YES_ERROR;
				CLANG_WARN_DOCUMENTATION_COMMENTS = YES;
				CLANG_WARN_EMPTY_BODY = YES;
				CLANG_WARN_ENUM_CONVERSION = YES;
				CLANG_WARN_INFINITE_RECURSION = YES;
				CLANG_WARN_INT_CONVERSION = YES;
				CLANG_WARN_NON_LITERAL_NULL_CONVERSION = YES;
				CLANG_WARN_OBJC_IMPLICIT_RETAIN_SELF = YES;
				CLANG_WARN_OBJC_LITERAL_CONVERSION = YES;
				CLANG_WARN_OBJC_ROOT_CLASS = YES_ERROR;
				CLANG_WARN_QUOTED_INCLUDE_IN_FRAMEWORK_HEADER = YES;
				CLANG_WARN_RANGE_LOOP_ANALYSIS = YES;
				CLANG_WARN_STRICT_PROTOTYPES = YES;
				CLANG_WARN_SUSPICIOUS_MOVE = YES;
				CLANG_WARN_UNGUARDED_AVAILABILITY = YES_AGGRESSIVE;
				CLANG_WARN_UNREACHABLE_CODE = YES;
				CLANG_WARN__DUPLICATE_METHOD_MATCH = YES;
				COPY_PHASE_STRIP = NO;
				DEBUG_INFORMATION_FORMAT = dwarf;
				ENABLE_STRICT_OBJC_MSGSEND = YES;
				ENABLE_TESTABILITY = YES;
				GCC_C_LANGUAGE_STANDARD = gnu11;
				GCC_DYNAMIC_NO_PIC = NO;
				GCC_NO_COMMON_BLOCKS = YES;
				GCC_OPTIMIZATION_LEVEL = 0;
				GCC_PREPROCESSOR_DEFINITIONS = (
					"DEBUG=1",
					"$(inherited)",
				);
				GCC_WARN_64_TO_32_BIT_CONVERSION = YES;
				GCC_WARN_ABOUT_RETURN_TYPE = YES_ERROR;
				GCC_WARN_UNDECLARED_SELECTOR = YES;
				GCC_WARN_UNINITIALIZED_AUTOS = YES_AGGRESSIVE;
				GCC_WARN_UNUSED_FUNCTION = YES;
				GCC_WARN_UNUSED_VARIABLE = YES;
				IPHONEOS_DEPLOYMENT_TARGET = 15.0;
				MTL_ENABLE_DEBUG_INFO = INCLUDE_SOURCE;
				MTL_FAST_MATH = YES;
				ONLY_ACTIVE_ARCH = YES;
				SDKROOT = iphoneos;
				SWIFT_ACTIVE_COMPILATION_CONDITIONS = DEBUG;
				SWIFT_OPTIMIZATION_LEVEL = "-Onone";
			};
			name = Debug;
		};
		17F90F01275D8050002D03CD /* Release */ = {
			isa = XCBuildConfiguration;
			buildSettings = {
				ALWAYS_SEARCH_USER_PATHS = NO;
				CLANG_ANALYZER_NONNULL = YES;
				CLANG_ANALYZER_NUMBER_OBJECT_CONVERSION = YES_AGGRESSIVE;
				CLANG_CXX_LANGUAGE_STANDARD = "gnu++17";
				CLANG_CXX_LIBRARY = "libc++";
				CLANG_ENABLE_MODULES = YES;
				CLANG_ENABLE_OBJC_ARC = YES;
				CLANG_ENABLE_OBJC_WEAK = YES;
				CLANG_WARN_BLOCK_CAPTURE_AUTORELEASING = YES;
				CLANG_WARN_BOOL_CONVERSION = YES;
				CLANG_WARN_COMMA = YES;
				CLANG_WARN_CONSTANT_CONVERSION = YES;
				CLANG_WARN_DEPRECATED_OBJC_IMPLEMENTATIONS = YES;
				CLANG_WARN_DIRECT_OBJC_ISA_USAGE = YES_ERROR;
				CLANG_WARN_DOCUMENTATION_COMMENTS = YES;
				CLANG_WARN_EMPTY_BODY = YES;
				CLANG_WARN_ENUM_CONVERSION = YES;
				CLANG_WARN_INFINITE_RECURSION = YES;
				CLANG_WARN_INT_CONVERSION = YES;
				CLANG_WARN_NON_LITERAL_NULL_CONVERSION = YES;
				CLANG_WARN_OBJC_IMPLICIT_RETAIN_SELF = YES;
				CLANG_WARN_OBJC_LITERAL_CONVERSION = YES;
				CLANG_WARN_OBJC_ROOT_CLASS = YES_ERROR;
				CLANG_WARN_QUOTED_INCLUDE_IN_FRAMEWORK_HEADER = YES;
				CLANG_WARN_RANGE_LOOP_ANALYSIS = YES;
				CLANG_WARN_STRICT_PROTOTYPES = YES;
				CLANG_WARN_SUSPICIOUS_MOVE = YES;
				CLANG_WARN_UNGUARDED_AVAILABILITY = YES_AGGRESSIVE;
				CLANG_WARN_UNREACHABLE_CODE = YES;
				CLANG_WARN__DUPLICATE_METHOD_MATCH = YES;
				COPY_PHASE_STRIP = NO;
				DEBUG_INFORMATION_FORMAT = "dwarf-with-dsym";
				ENABLE_NS_ASSERTIONS = NO;
				ENABLE_STRICT_OBJC_MSGSEND = YES;
				GCC_C_LANGUAGE_STANDARD = gnu11;
				GCC_NO_COMMON_BLOCKS = YES;
				GCC_WARN_64_TO_32_BIT_CONVERSION = YES;
				GCC_WARN_ABOUT_RETURN_TYPE = YES_ERROR;
				GCC_WARN_UNDECLARED_SELECTOR = YES;
				GCC_WARN_UNINITIALIZED_AUTOS = YES_AGGRESSIVE;
				GCC_WARN_UNUSED_FUNCTION = YES;
				GCC_WARN_UNUSED_VARIABLE = YES;
				IPHONEOS_DEPLOYMENT_TARGET = 15.0;
				MTL_ENABLE_DEBUG_INFO = NO;
				MTL_FAST_MATH = YES;
				SDKROOT = iphoneos;
				SWIFT_COMPILATION_MODE = wholemodule;
				SWIFT_OPTIMIZATION_LEVEL = "-O";
				VALIDATE_PRODUCT = YES;
			};
			name = Release;
		};
		17F90F03275D8050002D03CD /* Debug */ = {
			isa = XCBuildConfiguration;
			baseConfigurationReference = 8CE4830BB6D470095C443632 /* Pods-iTobacWorker.debug.xcconfig */;
			buildSettings = {
				ASSETCATALOG_COMPILER_APPICON_NAME = AppIcon;
				ASSETCATALOG_COMPILER_GLOBAL_ACCENT_COLOR_NAME = AccentColor;
				CODE_SIGN_STYLE = Automatic;
				CURRENT_PROJECT_VERSION = 1;
				DEVELOPMENT_TEAM = AX7Z37UN4D;
				GENERATE_INFOPLIST_FILE = YES;
				INFOPLIST_FILE = iTobacWorker/Info.plist;
				INFOPLIST_KEY_UIApplicationSupportsIndirectInputEvents = YES;
				INFOPLIST_KEY_UILaunchStoryboardName = LaunchScreen;
				INFOPLIST_KEY_UIMainStoryboardFile = LaunchScreen;
				INFOPLIST_KEY_UISupportedInterfaceOrientations_iPad = "UIInterfaceOrientationPortrait UIInterfaceOrientationPortraitUpsideDown UIInterfaceOrientationLandscapeLeft UIInterfaceOrientationLandscapeRight";
				INFOPLIST_KEY_UISupportedInterfaceOrientations_iPhone = "UIInterfaceOrientationPortrait UIInterfaceOrientationLandscapeLeft UIInterfaceOrientationLandscapeRight";
				LD_RUNPATH_SEARCH_PATHS = (
					"$(inherited)",
					"@executable_path/Frameworks",
				);
				MARKETING_VERSION = 1.0;
				PRODUCT_BUNDLE_IDENTIFIER = CHIkovil.iTobacWorker;
				PRODUCT_NAME = "$(TARGET_NAME)";
				SWIFT_EMIT_LOC_STRINGS = YES;
				SWIFT_VERSION = 5.0;
				TARGETED_DEVICE_FAMILY = 1;
			};
			name = Debug;
		};
		17F90F04275D8050002D03CD /* Release */ = {
			isa = XCBuildConfiguration;
			baseConfigurationReference = 6113D42F1E5CFF4455D37F71 /* Pods-iTobacWorker.release.xcconfig */;
			buildSettings = {
				ASSETCATALOG_COMPILER_APPICON_NAME = AppIcon;
				ASSETCATALOG_COMPILER_GLOBAL_ACCENT_COLOR_NAME = AccentColor;
				CODE_SIGN_STYLE = Automatic;
				CURRENT_PROJECT_VERSION = 1;
				DEVELOPMENT_TEAM = AX7Z37UN4D;
				GENERATE_INFOPLIST_FILE = YES;
				INFOPLIST_FILE = iTobacWorker/Info.plist;
				INFOPLIST_KEY_UIApplicationSupportsIndirectInputEvents = YES;
				INFOPLIST_KEY_UILaunchStoryboardName = LaunchScreen;
				INFOPLIST_KEY_UIMainStoryboardFile = LaunchScreen;
				INFOPLIST_KEY_UISupportedInterfaceOrientations_iPad = "UIInterfaceOrientationPortrait UIInterfaceOrientationPortraitUpsideDown UIInterfaceOrientationLandscapeLeft UIInterfaceOrientationLandscapeRight";
				INFOPLIST_KEY_UISupportedInterfaceOrientations_iPhone = "UIInterfaceOrientationPortrait UIInterfaceOrientationLandscapeLeft UIInterfaceOrientationLandscapeRight";
				LD_RUNPATH_SEARCH_PATHS = (
					"$(inherited)",
					"@executable_path/Frameworks",
				);
				MARKETING_VERSION = 1.0;
				PRODUCT_BUNDLE_IDENTIFIER = CHIkovil.iTobacWorker;
				PRODUCT_NAME = "$(TARGET_NAME)";
				SWIFT_EMIT_LOC_STRINGS = YES;
				SWIFT_VERSION = 5.0;
				TARGETED_DEVICE_FAMILY = 1;
			};
			name = Release;
		};
		17F90F06275D8050002D03CD /* Debug */ = {
			isa = XCBuildConfiguration;
			baseConfigurationReference = B0DFE2CC9EA1411CCB54E241 /* Pods-iTobacWorkerTests.debug.xcconfig */;
			buildSettings = {
				ALWAYS_EMBED_SWIFT_STANDARD_LIBRARIES = YES;
				BUNDLE_LOADER = "$(TEST_HOST)";
				CODE_SIGN_STYLE = Automatic;
				CURRENT_PROJECT_VERSION = 1;
				DEVELOPMENT_TEAM = AX7Z37UN4D;
				GENERATE_INFOPLIST_FILE = YES;
				IPHONEOS_DEPLOYMENT_TARGET = 15.0;
				LD_RUNPATH_SEARCH_PATHS = (
					"$(inherited)",
					"@executable_path/Frameworks",
					"@loader_path/Frameworks",
				);
				MARKETING_VERSION = 1.0;
				PRODUCT_BUNDLE_IDENTIFIER = CHIkovil.iTobacWorkerTests;
				PRODUCT_NAME = "$(TARGET_NAME)";
				SWIFT_EMIT_LOC_STRINGS = NO;
				SWIFT_VERSION = 5.0;
				TARGETED_DEVICE_FAMILY = "1,2";
				TEST_HOST = "$(BUILT_PRODUCTS_DIR)/iTobacWorker.app/iTobacWorker";
			};
			name = Debug;
		};
		17F90F07275D8050002D03CD /* Release */ = {
			isa = XCBuildConfiguration;
			baseConfigurationReference = 388C7545A4F58196245E19D0 /* Pods-iTobacWorkerTests.release.xcconfig */;
			buildSettings = {
				ALWAYS_EMBED_SWIFT_STANDARD_LIBRARIES = YES;
				BUNDLE_LOADER = "$(TEST_HOST)";
				CODE_SIGN_STYLE = Automatic;
				CURRENT_PROJECT_VERSION = 1;
				DEVELOPMENT_TEAM = AX7Z37UN4D;
				GENERATE_INFOPLIST_FILE = YES;
				IPHONEOS_DEPLOYMENT_TARGET = 15.0;
				LD_RUNPATH_SEARCH_PATHS = (
					"$(inherited)",
					"@executable_path/Frameworks",
					"@loader_path/Frameworks",
				);
				MARKETING_VERSION = 1.0;
				PRODUCT_BUNDLE_IDENTIFIER = CHIkovil.iTobacWorkerTests;
				PRODUCT_NAME = "$(TARGET_NAME)";
				SWIFT_EMIT_LOC_STRINGS = NO;
				SWIFT_VERSION = 5.0;
				TARGETED_DEVICE_FAMILY = "1,2";
				TEST_HOST = "$(BUILT_PRODUCTS_DIR)/iTobacWorker.app/iTobacWorker";
			};
			name = Release;
		};
		17F90F09275D8050002D03CD /* Debug */ = {
			isa = XCBuildConfiguration;
			baseConfigurationReference = 27731B277CC6197EFAFC4A28 /* Pods-iTobacWorker-iTobacWorkerUITests.debug.xcconfig */;
			buildSettings = {
				ALWAYS_EMBED_SWIFT_STANDARD_LIBRARIES = YES;
				CODE_SIGN_STYLE = Automatic;
				CURRENT_PROJECT_VERSION = 1;
				DEVELOPMENT_TEAM = AX7Z37UN4D;
				GENERATE_INFOPLIST_FILE = YES;
				LD_RUNPATH_SEARCH_PATHS = (
					"$(inherited)",
					"@executable_path/Frameworks",
					"@loader_path/Frameworks",
				);
				MARKETING_VERSION = 1.0;
				PRODUCT_BUNDLE_IDENTIFIER = CHIkovil.iTobacWorkerUITests;
				PRODUCT_NAME = "$(TARGET_NAME)";
				SWIFT_EMIT_LOC_STRINGS = NO;
				SWIFT_VERSION = 5.0;
				TARGETED_DEVICE_FAMILY = "1,2";
				TEST_TARGET_NAME = iTobacWorker;
			};
			name = Debug;
		};
		17F90F0A275D8050002D03CD /* Release */ = {
			isa = XCBuildConfiguration;
			baseConfigurationReference = F7349F47E5EA04C2AEAAF458 /* Pods-iTobacWorker-iTobacWorkerUITests.release.xcconfig */;
			buildSettings = {
				ALWAYS_EMBED_SWIFT_STANDARD_LIBRARIES = YES;
				CODE_SIGN_STYLE = Automatic;
				CURRENT_PROJECT_VERSION = 1;
				DEVELOPMENT_TEAM = AX7Z37UN4D;
				GENERATE_INFOPLIST_FILE = YES;
				LD_RUNPATH_SEARCH_PATHS = (
					"$(inherited)",
					"@executable_path/Frameworks",
					"@loader_path/Frameworks",
				);
				MARKETING_VERSION = 1.0;
				PRODUCT_BUNDLE_IDENTIFIER = CHIkovil.iTobacWorkerUITests;
				PRODUCT_NAME = "$(TARGET_NAME)";
				SWIFT_EMIT_LOC_STRINGS = NO;
				SWIFT_VERSION = 5.0;
				TARGETED_DEVICE_FAMILY = "1,2";
				TEST_TARGET_NAME = iTobacWorker;
			};
			name = Release;
		};
/* End XCBuildConfiguration section */

/* Begin XCConfigurationList section */
		17F90ED0275D8050002D03CD /* Build configuration list for PBXProject "iTobacWorker" */ = {
			isa = XCConfigurationList;
			buildConfigurations = (
				17F90F00275D8050002D03CD /* Debug */,
				17F90F01275D8050002D03CD /* Release */,
			);
			defaultConfigurationIsVisible = 0;
			defaultConfigurationName = Release;
		};
		17F90F02275D8050002D03CD /* Build configuration list for PBXNativeTarget "iTobacWorker" */ = {
			isa = XCConfigurationList;
			buildConfigurations = (
				17F90F03275D8050002D03CD /* Debug */,
				17F90F04275D8050002D03CD /* Release */,
			);
			defaultConfigurationIsVisible = 0;
			defaultConfigurationName = Release;
		};
		17F90F05275D8050002D03CD /* Build configuration list for PBXNativeTarget "iTobacWorkerTests" */ = {
			isa = XCConfigurationList;
			buildConfigurations = (
				17F90F06275D8050002D03CD /* Debug */,
				17F90F07275D8050002D03CD /* Release */,
			);
			defaultConfigurationIsVisible = 0;
			defaultConfigurationName = Release;
		};
		17F90F08275D8050002D03CD /* Build configuration list for PBXNativeTarget "iTobacWorkerUITests" */ = {
			isa = XCConfigurationList;
			buildConfigurations = (
				17F90F09275D8050002D03CD /* Debug */,
				17F90F0A275D8050002D03CD /* Release */,
			);
			defaultConfigurationIsVisible = 0;
			defaultConfigurationName = Release;
		};
/* End XCConfigurationList section */

/* Begin XCVersionGroup section */
		17F90EE1275D8050002D03CD /* iTobacWorker.xcdatamodeld */ = {
			isa = XCVersionGroup;
			children = (
				17F90EE2275D8050002D03CD /* iTobacWorker.xcdatamodel */,
			);
			currentVersion = 17F90EE2275D8050002D03CD /* iTobacWorker.xcdatamodel */;
			path = iTobacWorker.xcdatamodeld;
			sourceTree = "<group>";
			versionGroupType = wrapper.xcdatamodel;
		};
/* End XCVersionGroup section */
	};
	rootObject = 17F90ECD275D8050002D03CD /* Project object */;
}
